{
  "name": "VS",
  "lockfileVersion": 3,
  "requires": true,
  "packages": {
    "": {
      "name": "VS",
      "dependencies": {
        "@vs-engine/runtime": "file:../packages/vs-runtime"
      }
    },
    "../packages/vs-runtime": {
      "name": "@vs-engine/runtime",
      "version": "0.1.0",
      "devDependencies": {
        "esbuild": "^0.25.0",
        "typescript": "^5.8.0"
      }
    },
    "node_modules/@vs-engine/runtime": {
      "resolved": "../packages/vs-runtime",
      "link": true
    }
  }
}
